// !$*UTF8*$!
{
	archiveVersion = 1;
	classes = {
	};
	objectVersion = 55;
	objects = {

/* Begin PBXBuildFile section */
		2060980B275B68E000B818DC /* iFitnessMacOSApp.swift in Sources */ = {isa = PBXBuildFile; fileRef = 2060980A275B68E000B818DC /* iFitnessMacOSApp.swift */; };
		2060980D275B68E000B818DC /* ContentView.swift in Sources */ = {isa = PBXBuildFile; fileRef = 2060980C275B68E000B818DC /* ContentView.swift */; };
		2060980F275B68E300B818DC /* Assets.xcassets in Resources */ = {isa = PBXBuildFile; fileRef = 2060980E275B68E300B818DC /* Assets.xcassets */; };
		20609812275B68E300B818DC /* Preview Assets.xcassets in Resources */ = {isa = PBXBuildFile; fileRef = 20609811275B68E300B818DC /* Preview Assets.xcassets */; };
		2060981A275B691300B818DC /* MainAdminView.swift in Sources */ = {isa = PBXBuildFile; fileRef = 20609819275B691300B818DC /* MainAdminView.swift */; };
		20609825275B6B0400B818DC /* WorkersListView.swift in Sources */ = {isa = PBXBuildFile; fileRef = 20609824275B6B0400B818DC /* WorkersListView.swift */; };
		20609828275B6B3500B818DC /* UserClubsView.swift in Sources */ = {isa = PBXBuildFile; fileRef = 20609827275B6B3500B818DC /* UserClubsView.swift */; };
		2060982C275B6D8600B818DC /* UserClub.swift in Sources */ = {isa = PBXBuildFile; fileRef = 2060982B275B6D8600B818DC /* UserClub.swift */; };
		2060982E275B6DAC00B818DC /* UserClubModel.swift in Sources */ = {isa = PBXBuildFile; fileRef = 2060982D275B6DAC00B818DC /* UserClubModel.swift */; };
		20609833275B98EB00B818DC /* UserClubAdd.swift in Sources */ = {isa = PBXBuildFile; fileRef = 20609832275B98EB00B818DC /* UserClubAdd.swift */; };
		20609839275BEF2400B818DC /* UserClubEdit.swift in Sources */ = {isa = PBXBuildFile; fileRef = 20609838275BEF2400B818DC /* UserClubEdit.swift */; };
		2060983B275BEF3800B818DC /* UserClubDelete.swift in Sources */ = {isa = PBXBuildFile; fileRef = 2060983A275BEF3800B818DC /* UserClubDelete.swift */; };
		2060983D275BEFF400B818DC /* Worker.swift in Sources */ = {isa = PBXBuildFile; fileRef = 2060983C275BEFF400B818DC /* Worker.swift */; };
		2060983F275BEFFC00B818DC /* Client.swift in Sources */ = {isa = PBXBuildFile; fileRef = 2060983E275BEFFC00B818DC /* Client.swift */; };
		20609841275BF01B00B818DC /* WorkerModel.swift in Sources */ = {isa = PBXBuildFile; fileRef = 20609840275BF01B00B818DC /* WorkerModel.swift */; };
		20609843275BF02500B818DC /* ClientModel.swift in Sources */ = {isa = PBXBuildFile; fileRef = 20609842275BF02500B818DC /* ClientModel.swift */; };
		20609845275BF0AC00B818DC /* Abonement.swift in Sources */ = {isa = PBXBuildFile; fileRef = 20609844275BF0AC00B818DC /* Abonement.swift */; };
		20609847275BF11300B818DC /* AbonementModel.swift in Sources */ = {isa = PBXBuildFile; fileRef = 20609846275BF11300B818DC /* AbonementModel.swift */; };
		2060987E275BF87300B818DC /* ClientAdd.swift in Sources */ = {isa = PBXBuildFile; fileRef = 2060987D275BF87300B818DC /* ClientAdd.swift */; };
		20609882275BF88100B818DC /* ClientDelete.swift in Sources */ = {isa = PBXBuildFile; fileRef = 2060987F275BF88100B818DC /* ClientDelete.swift */; };
		20609883275BF88100B818DC /* ClientEdit.swift in Sources */ = {isa = PBXBuildFile; fileRef = 20609880275BF88100B818DC /* ClientEdit.swift */; };
		20609884275BF88100B818DC /* ClientsView.swift in Sources */ = {isa = PBXBuildFile; fileRef = 20609881275BF88100B818DC /* ClientsView.swift */; };
		20C5CEF8275E728D00F920A2 /* PositionWork.swift in Sources */ = {isa = PBXBuildFile; fileRef = 20C5CEF7275E728D00F920A2 /* PositionWork.swift */; };
		20C5CEFA275E74BD00F920A2 /* WorkerAdd.swift in Sources */ = {isa = PBXBuildFile; fileRef = 20C5CEF9275E74BD00F920A2 /* WorkerAdd.swift */; };
		20C5CEFC275E74C700F920A2 /* WorkerEdit.swift in Sources */ = {isa = PBXBuildFile; fileRef = 20C5CEFB275E74C700F920A2 /* WorkerEdit.swift */; };
		20C5CEFE275E74D500F920A2 /* WorkerDelete.swift in Sources */ = {isa = PBXBuildFile; fileRef = 20C5CEFD275E74D500F920A2 /* WorkerDelete.swift */; };
		20C5CF04275E9C9600F920A2 /* AbonementView.swift in Sources */ = {isa = PBXBuildFile; fileRef = 20C5CF03275E9C9600F920A2 /* AbonementView.swift */; };
		20C5CF06275E9CA000F920A2 /* AbonementAdd.swift in Sources */ = {isa = PBXBuildFile; fileRef = 20C5CF05275E9CA000F920A2 /* AbonementAdd.swift */; };
		20C5CF08275E9CA900F920A2 /* AbonementEdit.swift in Sources */ = {isa = PBXBuildFile; fileRef = 20C5CF07275E9CA900F920A2 /* AbonementEdit.swift */; };
		20C5CF0A275E9CB300F920A2 /* AbonementDelete.swift in Sources */ = {isa = PBXBuildFile; fileRef = 20C5CF09275E9CB300F920A2 /* AbonementDelete.swift */; };
		20C5CF0C275E9CC500F920A2 /* BonusProgramView.swift in Sources */ = {isa = PBXBuildFile; fileRef = 20C5CF0B275E9CC500F920A2 /* BonusProgramView.swift */; };
		20C5CF0E275E9CCF00F920A2 /* BonusProgramAdd.swift in Sources */ = {isa = PBXBuildFile; fileRef = 20C5CF0D275E9CCF00F920A2 /* BonusProgramAdd.swift */; };
		20C5CF10275E9CE400F920A2 /* BonusProgrammEdit.swift in Sources */ = {isa = PBXBuildFile; fileRef = 20C5CF0F275E9CE400F920A2 /* BonusProgrammEdit.swift */; };
		20C5CF12275E9CEF00F920A2 /* BonusProgramDelete.swift in Sources */ = {isa = PBXBuildFile; fileRef = 20C5CF11275E9CEF00F920A2 /* BonusProgramDelete.swift */; };
		20C5CF14275E9D7300F920A2 /* BonusProgram.swift in Sources */ = {isa = PBXBuildFile; fileRef = 20C5CF13275E9D7300F920A2 /* BonusProgram.swift */; };
		20C5CF16275E9D7F00F920A2 /* BonusProgramModel.swift in Sources */ = {isa = PBXBuildFile; fileRef = 20C5CF15275E9D7F00F920A2 /* BonusProgramModel.swift */; };
		20C5CF20275EAB3100F920A2 /* PositionView.swift in Sources */ = {isa = PBXBuildFile; fileRef = 20C5CF1F275EAB3100F920A2 /* PositionView.swift */; };
		20C5CF22275EAB3B00F920A2 /* EducationView.swift in Sources */ = {isa = PBXBuildFile; fileRef = 20C5CF21275EAB3B00F920A2 /* EducationView.swift */; };
		20C5CF24275EAB4500F920A2 /* FabricatorView.swift in Sources */ = {isa = PBXBuildFile; fileRef = 20C5CF23275EAB4500F920A2 /* FabricatorView.swift */; };
		20C5CF26275EAB4C00F920A2 /* HallView.swift in Sources */ = {isa = PBXBuildFile; fileRef = 20C5CF25275EAB4C00F920A2 /* HallView.swift */; };
		20C5CF28275EAB6400F920A2 /* TypesInventoryView.swift in Sources */ = {isa = PBXBuildFile; fileRef = 20C5CF27275EAB6400F920A2 /* TypesInventoryView.swift */; };
		20C5CF2A275EAB7100F920A2 /* TypesTraningView.swift in Sources */ = {isa = PBXBuildFile; fileRef = 20C5CF29275EAB7100F920A2 /* TypesTraningView.swift */; };
/* End PBXBuildFile section */

/* Begin PBXFileReference section */
		20609807275B68E000B818DC /* iFitnessMacOS.app */ = {isa = PBXFileReference; explicitFileType = wrapper.application; includeInIndex = 0; path = iFitnessMacOS.app; sourceTree = BUILT_PRODUCTS_DIR; };
		2060980A275B68E000B818DC /* iFitnessMacOSApp.swift */ = {isa = PBXFileReference; lastKnownFileType = sourcecode.swift; path = iFitnessMacOSApp.swift; sourceTree = "<group>"; };
		2060980C275B68E000B818DC /* ContentView.swift */ = {isa = PBXFileReference; lastKnownFileType = sourcecode.swift; path = ContentView.swift; sourceTree = "<group>"; };
		2060980E275B68E300B818DC /* Assets.xcassets */ = {isa = PBXFileReference; lastKnownFileType = folder.assetcatalog; path = Assets.xcassets; sourceTree = "<group>"; };
		20609811275B68E300B818DC /* Preview Assets.xcassets */ = {isa = PBXFileReference; lastKnownFileType = folder.assetcatalog; path = "Preview Assets.xcassets"; sourceTree = "<group>"; };
		20609813275B68E300B818DC /* iFitnessMacOS.entitlements */ = {isa = PBXFileReference; lastKnownFileType = text.plist.entitlements; path = iFitnessMacOS.entitlements; sourceTree = "<group>"; };
		20609819275B691300B818DC /* MainAdminView.swift */ = {isa = PBXFileReference; lastKnownFileType = sourcecode.swift; path = MainAdminView.swift; sourceTree = "<group>"; };
		20609824275B6B0400B818DC /* WorkersListView.swift */ = {isa = PBXFileReference; lastKnownFileType = sourcecode.swift; path = WorkersListView.swift; sourceTree = "<group>"; };
		20609827275B6B3500B818DC /* UserClubsView.swift */ = {isa = PBXFileReference; lastKnownFileType = sourcecode.swift; path = UserClubsView.swift; sourceTree = "<group>"; };
		2060982B275B6D8600B818DC /* UserClub.swift */ = {isa = PBXFileReference; lastKnownFileType = sourcecode.swift; path = UserClub.swift; sourceTree = "<group>"; };
		2060982D275B6DAC00B818DC /* UserClubModel.swift */ = {isa = PBXFileReference; lastKnownFileType = sourcecode.swift; path = UserClubModel.swift; sourceTree = "<group>"; };
		20609832275B98EB00B818DC /* UserClubAdd.swift */ = {isa = PBXFileReference; lastKnownFileType = sourcecode.swift; path = UserClubAdd.swift; sourceTree = "<group>"; };
		20609838275BEF2400B818DC /* UserClubEdit.swift */ = {isa = PBXFileReference; lastKnownFileType = sourcecode.swift; path = UserClubEdit.swift; sourceTree = "<group>"; };
		2060983A275BEF3800B818DC /* UserClubDelete.swift */ = {isa = PBXFileReference; lastKnownFileType = sourcecode.swift; path = UserClubDelete.swift; sourceTree = "<group>"; };
		2060983C275BEFF400B818DC /* Worker.swift */ = {isa = PBXFileReference; lastKnownFileType = sourcecode.swift; path = Worker.swift; sourceTree = "<group>"; };
		2060983E275BEFFC00B818DC /* Client.swift */ = {isa = PBXFileReference; lastKnownFileType = sourcecode.swift; path = Client.swift; sourceTree = "<group>"; };
		20609840275BF01B00B818DC /* WorkerModel.swift */ = {isa = PBXFileReference; lastKnownFileType = sourcecode.swift; path = WorkerModel.swift; sourceTree = "<group>"; };
		20609842275BF02500B818DC /* ClientModel.swift */ = {isa = PBXFileReference; lastKnownFileType = sourcecode.swift; path = ClientModel.swift; sourceTree = "<group>"; };
		20609844275BF0AC00B818DC /* Abonement.swift */ = {isa = PBXFileReference; lastKnownFileType = sourcecode.swift; path = Abonement.swift; sourceTree = "<group>"; };
		20609846275BF11300B818DC /* AbonementModel.swift */ = {isa = PBXFileReference; lastKnownFileType = sourcecode.swift; path = AbonementModel.swift; sourceTree = "<group>"; };
		2060987D275BF87300B818DC /* ClientAdd.swift */ = {isa = PBXFileReference; fileEncoding = 4; lastKnownFileType = sourcecode.swift; path = ClientAdd.swift; sourceTree = "<group>"; };
		2060987F275BF88100B818DC /* ClientDelete.swift */ = {isa = PBXFileReference; fileEncoding = 4; lastKnownFileType = sourcecode.swift; path = ClientDelete.swift; sourceTree = "<group>"; };
		20609880275BF88100B818DC /* ClientEdit.swift */ = {isa = PBXFileReference; fileEncoding = 4; lastKnownFileType = sourcecode.swift; path = ClientEdit.swift; sourceTree = "<group>"; };
		20609881275BF88100B818DC /* ClientsView.swift */ = {isa = PBXFileReference; fileEncoding = 4; lastKnownFileType = sourcecode.swift; path = ClientsView.swift; sourceTree = "<group>"; };
		20C5CEF7275E728D00F920A2 /* PositionWork.swift */ = {isa = PBXFileReference; lastKnownFileType = sourcecode.swift; path = PositionWork.swift; sourceTree = "<group>"; };
		20C5CEF9275E74BD00F920A2 /* WorkerAdd.swift */ = {isa = PBXFileReference; lastKnownFileType = sourcecode.swift; path = WorkerAdd.swift; sourceTree = "<group>"; };
		20C5CEFB275E74C700F920A2 /* WorkerEdit.swift */ = {isa = PBXFileReference; lastKnownFileType = sourcecode.swift; path = WorkerEdit.swift; sourceTree = "<group>"; };
		20C5CEFD275E74D500F920A2 /* WorkerDelete.swift */ = {isa = PBXFileReference; lastKnownFileType = sourcecode.swift; path = WorkerDelete.swift; sourceTree = "<group>"; };
		20C5CF03275E9C9600F920A2 /* AbonementView.swift */ = {isa = PBXFileReference; lastKnownFileType = sourcecode.swift; path = AbonementView.swift; sourceTree = "<group>"; };
		20C5CF05275E9CA000F920A2 /* AbonementAdd.swift */ = {isa = PBXFileReference; lastKnownFileType = sourcecode.swift; path = AbonementAdd.swift; sourceTree = "<group>"; };
		20C5CF07275E9CA900F920A2 /* AbonementEdit.swift */ = {isa = PBXFileReference; lastKnownFileType = sourcecode.swift; path = AbonementEdit.swift; sourceTree = "<group>"; };
		20C5CF09275E9CB300F920A2 /* AbonementDelete.swift */ = {isa = PBXFileReference; lastKnownFileType = sourcecode.swift; path = AbonementDelete.swift; sourceTree = "<group>"; };
		20C5CF0B275E9CC500F920A2 /* BonusProgramView.swift */ = {isa = PBXFileReference; lastKnownFileType = sourcecode.swift; path = BonusProgramView.swift; sourceTree = "<group>"; };
		20C5CF0D275E9CCF00F920A2 /* BonusProgramAdd.swift */ = {isa = PBXFileReference; lastKnownFileType = sourcecode.swift; path = BonusProgramAdd.swift; sourceTree = "<group>"; };
		20C5CF0F275E9CE400F920A2 /* BonusProgrammEdit.swift */ = {isa = PBXFileReference; lastKnownFileType = sourcecode.swift; path = BonusProgrammEdit.swift; sourceTree = "<group>"; };
		20C5CF11275E9CEF00F920A2 /* BonusProgramDelete.swift */ = {isa = PBXFileReference; lastKnownFileType = sourcecode.swift; path = BonusProgramDelete.swift; sourceTree = "<group>"; };
		20C5CF13275E9D7300F920A2 /* BonusProgram.swift */ = {isa = PBXFileReference; lastKnownFileType = sourcecode.swift; path = BonusProgram.swift; sourceTree = "<group>"; };
		20C5CF15275E9D7F00F920A2 /* BonusProgramModel.swift */ = {isa = PBXFileReference; lastKnownFileType = sourcecode.swift; path = BonusProgramModel.swift; sourceTree = "<group>"; };
		20C5CF1F275EAB3100F920A2 /* PositionView.swift */ = {isa = PBXFileReference; lastKnownFileType = sourcecode.swift; path = PositionView.swift; sourceTree = "<group>"; };
		20C5CF21275EAB3B00F920A2 /* EducationView.swift */ = {isa = PBXFileReference; lastKnownFileType = sourcecode.swift; path = EducationView.swift; sourceTree = "<group>"; };
		20C5CF23275EAB4500F920A2 /* FabricatorView.swift */ = {isa = PBXFileReference; lastKnownFileType = sourcecode.swift; path = FabricatorView.swift; sourceTree = "<group>"; };
		20C5CF25275EAB4C00F920A2 /* HallView.swift */ = {isa = PBXFileReference; lastKnownFileType = sourcecode.swift; path = HallView.swift; sourceTree = "<group>"; };
		20C5CF27275EAB6400F920A2 /* TypesInventoryView.swift */ = {isa = PBXFileReference; lastKnownFileType = sourcecode.swift; path = TypesInventoryView.swift; sourceTree = "<group>"; };
		20C5CF29275EAB7100F920A2 /* TypesTraningView.swift */ = {isa = PBXFileReference; lastKnownFileType = sourcecode.swift; path = TypesTraningView.swift; sourceTree = "<group>"; };
/* End PBXFileReference section */

/* Begin PBXFrameworksBuildPhase section */
		20609804275B68E000B818DC /* Frameworks */ = {
			isa = PBXFrameworksBuildPhase;
			buildActionMask = 2147483647;
			files = (
			);
			runOnlyForDeploymentPostprocessing = 0;
		};
/* End PBXFrameworksBuildPhase section */

/* Begin PBXGroup section */
		206097FE275B68E000B818DC = {
			isa = PBXGroup;
			children = (
				20609809275B68E000B818DC /* iFitnessMacOS */,
				20609808275B68E000B818DC /* Products */,
			);
			sourceTree = "<group>";
		};
		20609808275B68E000B818DC /* Products */ = {
			isa = PBXGroup;
			children = (
				20609807275B68E000B818DC /* iFitnessMacOS.app */,
			);
			name = Products;
			sourceTree = "<group>";
		};
		20609809275B68E000B818DC /* iFitnessMacOS */ = {
			isa = PBXGroup;
			children = (
				20C5CF18275EAA6600F920A2 /* Inventories */,
				20C5CF17275EAA1E00F920A2 /* Extra */,
				20C5CF00275E9C6400F920A2 /* Shop */,
				20C5CEFF275E972900F920A2 /* Peoples */,
				2060982F275B8FB000B818DC /* Data */,
				20609819275B691300B818DC /* MainAdminView.swift */,
				2060980A275B68E000B818DC /* iFitnessMacOSApp.swift */,
				2060980C275B68E000B818DC /* ContentView.swift */,
				2060980E275B68E300B818DC /* Assets.xcassets */,
				20609813275B68E300B818DC /* iFitnessMacOS.entitlements */,
				20609810275B68E300B818DC /* Preview Content */,
			);
			path = iFitnessMacOS;
			sourceTree = "<group>";
		};
		20609810275B68E300B818DC /* Preview Content */ = {
			isa = PBXGroup;
			children = (
				20609811275B68E300B818DC /* Preview Assets.xcassets */,
			);
			path = "Preview Content";
			sourceTree = "<group>";
		};
		2060981B275B6A1000B818DC /* Clients */ = {
			isa = PBXGroup;
			children = (
				2060987F275BF88100B818DC /* ClientDelete.swift */,
				20609880275BF88100B818DC /* ClientEdit.swift */,
				20609881275BF88100B818DC /* ClientsView.swift */,
				2060987D275BF87300B818DC /* ClientAdd.swift */,
			);
			path = Clients;
			sourceTree = "<group>";
		};
		20609823275B6AF200B818DC /* Workers */ = {
			isa = PBXGroup;
			children = (
				20609824275B6B0400B818DC /* WorkersListView.swift */,
				20C5CEF9275E74BD00F920A2 /* WorkerAdd.swift */,
				20C5CEFB275E74C700F920A2 /* WorkerEdit.swift */,
				20C5CEFD275E74D500F920A2 /* WorkerDelete.swift */,
			);
			path = Workers;
			sourceTree = "<group>";
		};
		20609826275B6B2600B818DC /* UserClubs */ = {
			isa = PBXGroup;
			children = (
				20609827275B6B3500B818DC /* UserClubsView.swift */,
				20609832275B98EB00B818DC /* UserClubAdd.swift */,
				20609838275BEF2400B818DC /* UserClubEdit.swift */,
				2060983A275BEF3800B818DC /* UserClubDelete.swift */,
			);
			path = UserClubs;
			sourceTree = "<group>";
		};
		20609829275B6CD100B818DC /* Models */ = {
			isa = PBXGroup;
			children = (
				2060982B275B6D8600B818DC /* UserClub.swift */,
				2060983C275BEFF400B818DC /* Worker.swift */,
				2060983E275BEFFC00B818DC /* Client.swift */,
				20609844275BF0AC00B818DC /* Abonement.swift */,
				20C5CEF7275E728D00F920A2 /* PositionWork.swift */,
				20C5CF13275E9D7300F920A2 /* BonusProgram.swift */,
			);
			path = Models;
			sourceTree = "<group>";
		};
		2060982A275B6CDA00B818DC /* Services */ = {
			isa = PBXGroup;
			children = (
				2060982D275B6DAC00B818DC /* UserClubModel.swift */,
				20609840275BF01B00B818DC /* WorkerModel.swift */,
				20609842275BF02500B818DC /* ClientModel.swift */,
				20609846275BF11300B818DC /* AbonementModel.swift */,
				20C5CF15275E9D7F00F920A2 /* BonusProgramModel.swift */,
			);
			path = Services;
			sourceTree = "<group>";
		};
		2060982F275B8FB000B818DC /* Data */ = {
			isa = PBXGroup;
			children = (
				20609829275B6CD100B818DC /* Models */,
				2060982A275B6CDA00B818DC /* Services */,
			);
			path = Data;
			sourceTree = "<group>";
		};
		20C5CEFF275E972900F920A2 /* Peoples */ = {
			isa = PBXGroup;
			children = (
				2060981B275B6A1000B818DC /* Clients */,
				20609823275B6AF200B818DC /* Workers */,
				20609826275B6B2600B818DC /* UserClubs */,
			);
			path = Peoples;
			sourceTree = "<group>";
		};
		20C5CF00275E9C6400F920A2 /* Shop */ = {
			isa = PBXGroup;
			children = (
				20C5CF02275E9C7D00F920A2 /* BonusProgramm */,
				20C5CF01275E9C6B00F920A2 /* Abonement */,
			);
			path = Shop;
			sourceTree = "<group>";
		};
		20C5CF01275E9C6B00F920A2 /* Abonement */ = {
			isa = PBXGroup;
			children = (
				20C5CF03275E9C9600F920A2 /* AbonementView.swift */,
				20C5CF05275E9CA000F920A2 /* AbonementAdd.swift */,
				20C5CF07275E9CA900F920A2 /* AbonementEdit.swift */,
				20C5CF09275E9CB300F920A2 /* AbonementDelete.swift */,
			);
			path = Abonement;
			sourceTree = "<group>";
		};
		20C5CF02275E9C7D00F920A2 /* BonusProgramm */ = {
			isa = PBXGroup;
			children = (
				20C5CF0B275E9CC500F920A2 /* BonusProgramView.swift */,
				20C5CF0D275E9CCF00F920A2 /* BonusProgramAdd.swift */,
				20C5CF0F275E9CE400F920A2 /* BonusProgrammEdit.swift */,
				20C5CF11275E9CEF00F920A2 /* BonusProgramDelete.swift */,
			);
			path = BonusProgramm;
			sourceTree = "<group>";
		};
		20C5CF17275EAA1E00F920A2 /* Extra */ = {
			isa = PBXGroup;
			children = (
				20C5CF1A275EAA7900F920A2 /* PositionWork */,
				20C5CF19275EAA7200F920A2 /* Education */,
			);
			path = Extra;
			sourceTree = "<group>";
		};
		20C5CF18275EAA6600F920A2 /* Inventories */ = {
			isa = PBXGroup;
			children = (
				20C5CF1E275EAB0100F920A2 /* Fabricators */,
				20C5CF1D275EAAD400F920A2 /* Halls */,
				20C5CF1C275EAAC800F920A2 /* TypesOfInventories */,
				20C5CF1B275EAA8400F920A2 /* TypesOfTraning */,
			);
			path = Inventories;
			sourceTree = "<group>";
		};
		20C5CF19275EAA7200F920A2 /* Education */ = {
			isa = PBXGroup;
			children = (
				20C5CF21275EAB3B00F920A2 /* EducationView.swift */,
			);
			path = Education;
			sourceTree = "<group>";
		};
		20C5CF1A275EAA7900F920A2 /* PositionWork */ = {
			isa = PBXGroup;
			children = (
				20C5CF1F275EAB3100F920A2 /* PositionView.swift */,
			);
			path = PositionWork;
			sourceTree = "<group>";
		};
		20C5CF1B275EAA8400F920A2 /* TypesOfTraning */ = {
			isa = PBXGroup;
			children = (
				20C5CF29275EAB7100F920A2 /* TypesTraningView.swift */,
			);
			path = TypesOfTraning;
			sourceTree = "<group>";
		};
		20C5CF1C275EAAC800F920A2 /* TypesOfInventories */ = {
			isa = PBXGroup;
			children = (
				20C5CF27275EAB6400F920A2 /* TypesInventoryView.swift */,
			);
			path = TypesOfInventories;
			sourceTree = "<group>";
		};
		20C5CF1D275EAAD400F920A2 /* Halls */ = {
			isa = PBXGroup;
			children = (
				20C5CF25275EAB4C00F920A2 /* HallView.swift */,
			);
			path = Halls;
			sourceTree = "<group>";
		};
		20C5CF1E275EAB0100F920A2 /* Fabricators */ = {
			isa = PBXGroup;
			children = (
				20C5CF23275EAB4500F920A2 /* FabricatorView.swift */,
			);
			path = Fabricators;
			sourceTree = "<group>";
		};
/* End PBXGroup section */

/* Begin PBXNativeTarget section */
		20609806275B68E000B818DC /* iFitnessMacOS */ = {
			isa = PBXNativeTarget;
			buildConfigurationList = 20609816275B68E300B818DC /* Build configuration list for PBXNativeTarget "iFitnessMacOS" */;
			buildPhases = (
				20609803275B68E000B818DC /* Sources */,
				20609804275B68E000B818DC /* Frameworks */,
				20609805275B68E000B818DC /* Resources */,
			);
			buildRules = (
			);
			dependencies = (
			);
			name = iFitnessMacOS;
			productName = iFitnessMacOS;
			productReference = 20609807275B68E000B818DC /* iFitnessMacOS.app */;
			productType = "com.apple.product-type.application";
		};
/* End PBXNativeTarget section */

/* Begin PBXProject section */
		206097FF275B68E000B818DC /* Project object */ = {
			isa = PBXProject;
			attributes = {
				BuildIndependentTargetsInParallel = 1;
				LastSwiftUpdateCheck = 1310;
				LastUpgradeCheck = 1310;
				TargetAttributes = {
					20609806275B68E000B818DC = {
						CreatedOnToolsVersion = 13.1;
					};
				};
			};
			buildConfigurationList = 20609802275B68E000B818DC /* Build configuration list for PBXProject "iFitnessMacOS" */;
			compatibilityVersion = "Xcode 13.0";
			developmentRegion = en;
			hasScannedForEncodings = 0;
			knownRegions = (
				en,
				Base,
			);
			mainGroup = 206097FE275B68E000B818DC;
			productRefGroup = 20609808275B68E000B818DC /* Products */;
			projectDirPath = "";
			projectRoot = "";
			targets = (
				20609806275B68E000B818DC /* iFitnessMacOS */,
			);
		};
/* End PBXProject section */

/* Begin PBXResourcesBuildPhase section */
		20609805275B68E000B818DC /* Resources */ = {
			isa = PBXResourcesBuildPhase;
			buildActionMask = 2147483647;
			files = (
				20609812275B68E300B818DC /* Preview Assets.xcassets in Resources */,
				2060980F275B68E300B818DC /* Assets.xcassets in Resources */,
			);
			runOnlyForDeploymentPostprocessing = 0;
		};
/* End PBXResourcesBuildPhase section */

/* Begin PBXSourcesBuildPhase section */
		20609803275B68E000B818DC /* Sources */ = {
			isa = PBXSourcesBuildPhase;
			buildActionMask = 2147483647;
			files = (
				2060987E275BF87300B818DC /* ClientAdd.swift in Sources */,
				20609884275BF88100B818DC /* ClientsView.swift in Sources */,
				20609882275BF88100B818DC /* ClientDelete.swift in Sources */,
				20609825275B6B0400B818DC /* WorkersListView.swift in Sources */,
				20609847275BF11300B818DC /* AbonementModel.swift in Sources */,
				20C5CF12275E9CEF00F920A2 /* BonusProgramDelete.swift in Sources */,
				2060983D275BEFF400B818DC /* Worker.swift in Sources */,
				20C5CF24275EAB4500F920A2 /* FabricatorView.swift in Sources */,
				20609845275BF0AC00B818DC /* Abonement.swift in Sources */,
				20609833275B98EB00B818DC /* UserClubAdd.swift in Sources */,
				20C5CF22275EAB3B00F920A2 /* EducationView.swift in Sources */,
				20C5CF0A275E9CB300F920A2 /* AbonementDelete.swift in Sources */,
				2060980D275B68E000B818DC /* ContentView.swift in Sources */,
				20609841275BF01B00B818DC /* WorkerModel.swift in Sources */,
				20C5CF0C275E9CC500F920A2 /* BonusProgramView.swift in Sources */,
				20C5CEFE275E74D500F920A2 /* WorkerDelete.swift in Sources */,
				20C5CF10275E9CE400F920A2 /* BonusProgrammEdit.swift in Sources */,
				20609828275B6B3500B818DC /* UserClubsView.swift in Sources */,
				20609843275BF02500B818DC /* ClientModel.swift in Sources */,
				20C5CEFC275E74C700F920A2 /* WorkerEdit.swift in Sources */,
				20C5CF28275EAB6400F920A2 /* TypesInventoryView.swift in Sources */,
				20C5CF14275E9D7300F920A2 /* BonusProgram.swift in Sources */,
				2060983F275BEFFC00B818DC /* Client.swift in Sources */,
				20C5CF20275EAB3100F920A2 /* PositionView.swift in Sources */,
				20C5CF16275E9D7F00F920A2 /* BonusProgramModel.swift in Sources */,
				2060982E275B6DAC00B818DC /* UserClubModel.swift in Sources */,
				20609839275BEF2400B818DC /* UserClubEdit.swift in Sources */,
				20C5CF0E275E9CCF00F920A2 /* BonusProgramAdd.swift in Sources */,
				20C5CF2A275EAB7100F920A2 /* TypesTraningView.swift in Sources */,
				20C5CF26275EAB4C00F920A2 /* HallView.swift in Sources */,
				20C5CF06275E9CA000F920A2 /* AbonementAdd.swift in Sources */,
				20C5CEFA275E74BD00F920A2 /* WorkerAdd.swift in Sources */,
				2060981A275B691300B818DC /* MainAdminView.swift in Sources */,
				20C5CF04275E9C9600F920A2 /* AbonementView.swift in Sources */,
				2060980B275B68E000B818DC /* iFitnessMacOSApp.swift in Sources */,
				2060982C275B6D8600B818DC /* UserClub.swift in Sources */,
				20C5CEF8275E728D00F920A2 /* PositionWork.swift in Sources */,
				20C5CF08275E9CA900F920A2 /* AbonementEdit.swift in Sources */,
				20609883275BF88100B818DC /* ClientEdit.swift in Sources */,
				2060983B275BEF3800B818DC /* UserClubDelete.swift in Sources */,
			);
			runOnlyForDeploymentPostprocessing = 0;
		};
/* End PBXSourcesBuildPhase section */

/* Begin XCBuildConfiguration section */
		20609814275B68E300B818DC /* Debug */ = {
			isa = XCBuildConfiguration;
			buildSettings = {
				ALWAYS_SEARCH_USER_PATHS = NO;
				CLANG_ANALYZER_NONNULL = YES;
				CLANG_ANALYZER_NUMBER_OBJECT_CONVERSION = YES_AGGRESSIVE;
				CLANG_CXX_LANGUAGE_STANDARD = "gnu++17";
				CLANG_CXX_LIBRARY = "libc++";
				CLANG_ENABLE_MODULES = YES;
				CLANG_ENABLE_OBJC_ARC = YES;
				CLANG_ENABLE_OBJC_WEAK = YES;
				CLANG_WARN_BLOCK_CAPTURE_AUTORELEASING = YES;
				CLANG_WARN_BOOL_CONVERSION = YES;
				CLANG_WARN_COMMA = YES;
				CLANG_WARN_CONSTANT_CONVERSION = YES;
				CLANG_WARN_DEPRECATED_OBJC_IMPLEMENTATIONS = YES;
				CLANG_WARN_DIRECT_OBJC_ISA_USAGE = YES_ERROR;
				CLANG_WARN_DOCUMENTATION_COMMENTS = YES;
				CLANG_WARN_EMPTY_BODY = YES;
				CLANG_WARN_ENUM_CONVERSION = YES;
				CLANG_WARN_INFINITE_RECURSION = YES;
				CLANG_WARN_INT_CONVERSION = YES;
				CLANG_WARN_NON_LITERAL_NULL_CONVERSION = YES;
				CLANG_WARN_OBJC_IMPLICIT_RETAIN_SELF = YES;
				CLANG_WARN_OBJC_LITERAL_CONVERSION = YES;
				CLANG_WARN_OBJC_ROOT_CLASS = YES_ERROR;
				CLANG_WARN_QUOTED_INCLUDE_IN_FRAMEWORK_HEADER = YES;
				CLANG_WARN_RANGE_LOOP_ANALYSIS = YES;
				CLANG_WARN_STRICT_PROTOTYPES = YES;
				CLANG_WARN_SUSPICIOUS_MOVE = YES;
				CLANG_WARN_UNGUARDED_AVAILABILITY = YES_AGGRESSIVE;
				CLANG_WARN_UNREACHABLE_CODE = YES;
				CLANG_WARN__DUPLICATE_METHOD_MATCH = YES;
				COPY_PHASE_STRIP = NO;
				DEBUG_INFORMATION_FORMAT = dwarf;
				ENABLE_STRICT_OBJC_MSGSEND = YES;
				ENABLE_TESTABILITY = YES;
				GCC_C_LANGUAGE_STANDARD = gnu11;
				GCC_DYNAMIC_NO_PIC = NO;
				GCC_NO_COMMON_BLOCKS = YES;
				GCC_OPTIMIZATION_LEVEL = 0;
				GCC_PREPROCESSOR_DEFINITIONS = (
					"DEBUG=1",
					"$(inherited)",
				);
				GCC_WARN_64_TO_32_BIT_CONVERSION = YES;
				GCC_WARN_ABOUT_RETURN_TYPE = YES_ERROR;
				GCC_WARN_UNDECLARED_SELECTOR = YES;
				GCC_WARN_UNINITIALIZED_AUTOS = YES_AGGRESSIVE;
				GCC_WARN_UNUSED_FUNCTION = YES;
				GCC_WARN_UNUSED_VARIABLE = YES;
				MACOSX_DEPLOYMENT_TARGET = 11.6;
				MTL_ENABLE_DEBUG_INFO = INCLUDE_SOURCE;
				MTL_FAST_MATH = YES;
				ONLY_ACTIVE_ARCH = YES;
				SDKROOT = macosx;
				SWIFT_ACTIVE_COMPILATION_CONDITIONS = DEBUG;
				SWIFT_OPTIMIZATION_LEVEL = "-Onone";
			};
			name = Debug;
		};
		20609815275B68E300B818DC /* Release */ = {
			isa = XCBuildConfiguration;
			buildSettings = {
				ALWAYS_SEARCH_USER_PATHS = NO;
				CLANG_ANALYZER_NONNULL = YES;
				CLANG_ANALYZER_NUMBER_OBJECT_CONVERSION = YES_AGGRESSIVE;
				CLANG_CXX_LANGUAGE_STANDARD = "gnu++17";
				CLANG_CXX_LIBRARY = "libc++";
				CLANG_ENABLE_MODULES = YES;
				CLANG_ENABLE_OBJC_ARC = YES;
				CLANG_ENABLE_OBJC_WEAK = YES;
				CLANG_WARN_BLOCK_CAPTURE_AUTORELEASING = YES;
				CLANG_WARN_BOOL_CONVERSION = YES;
				CLANG_WARN_COMMA = YES;
				CLANG_WARN_CONSTANT_CONVERSION = YES;
				CLANG_WARN_DEPRECATED_OBJC_IMPLEMENTATIONS = YES;
				CLANG_WARN_DIRECT_OBJC_ISA_USAGE = YES_ERROR;
				CLANG_WARN_DOCUMENTATION_COMMENTS = YES;
				CLANG_WARN_EMPTY_BODY = YES;
				CLANG_WARN_ENUM_CONVERSION = YES;
				CLANG_WARN_INFINITE_RECURSION = YES;
				CLANG_WARN_INT_CONVERSION = YES;
				CLANG_WARN_NON_LITERAL_NULL_CONVERSION = YES;
				CLANG_WARN_OBJC_IMPLICIT_RETAIN_SELF = YES;
				CLANG_WARN_OBJC_LITERAL_CONVERSION = YES;
				CLANG_WARN_OBJC_ROOT_CLASS = YES_ERROR;
				CLANG_WARN_QUOTED_INCLUDE_IN_FRAMEWORK_HEADER = YES;
				CLANG_WARN_RANGE_LOOP_ANALYSIS = YES;
				CLANG_WARN_STRICT_PROTOTYPES = YES;
				CLANG_WARN_SUSPICIOUS_MOVE = YES;
				CLANG_WARN_UNGUARDED_AVAILABILITY = YES_AGGRESSIVE;
				CLANG_WARN_UNREACHABLE_CODE = YES;
				CLANG_WARN__DUPLICATE_METHOD_MATCH = YES;
				COPY_PHASE_STRIP = NO;
				DEBUG_INFORMATION_FORMAT = "dwarf-with-dsym";
				ENABLE_NS_ASSERTIONS = NO;
				ENABLE_STRICT_OBJC_MSGSEND = YES;
				GCC_C_LANGUAGE_STANDARD = gnu11;
				GCC_NO_COMMON_BLOCKS = YES;
				GCC_WARN_64_TO_32_BIT_CONVERSION = YES;
				GCC_WARN_ABOUT_RETURN_TYPE = YES_ERROR;
				GCC_WARN_UNDECLARED_SELECTOR = YES;
				GCC_WARN_UNINITIALIZED_AUTOS = YES_AGGRESSIVE;
				GCC_WARN_UNUSED_FUNCTION = YES;
				GCC_WARN_UNUSED_VARIABLE = YES;
				MACOSX_DEPLOYMENT_TARGET = 11.6;
				MTL_ENABLE_DEBUG_INFO = NO;
				MTL_FAST_MATH = YES;
				SDKROOT = macosx;
				SWIFT_COMPILATION_MODE = wholemodule;
				SWIFT_OPTIMIZATION_LEVEL = "-O";
			};
			name = Release;
		};
		20609817275B68E300B818DC /* Debug */ = {
			isa = XCBuildConfiguration;
			buildSettings = {
				ASSETCATALOG_COMPILER_APPICON_NAME = AppIcon;
				ASSETCATALOG_COMPILER_GLOBAL_ACCENT_COLOR_NAME = AccentColor;
				CODE_SIGN_ENTITLEMENTS = iFitnessMacOS/iFitnessMacOS.entitlements;
				CODE_SIGN_STYLE = Automatic;
				COMBINE_HIDPI_IMAGES = YES;
				CURRENT_PROJECT_VERSION = 1;
				DEVELOPMENT_ASSET_PATHS = "\"iFitnessMacOS/Preview Content\"";
				DEVELOPMENT_TEAM = 3975FF67Q5;
				ENABLE_HARDENED_RUNTIME = YES;
				ENABLE_PREVIEWS = YES;
				GENERATE_INFOPLIST_FILE = YES;
				INFOPLIST_KEY_NSHumanReadableCopyright = "";
				LD_RUNPATH_SEARCH_PATHS = (
					"$(inherited)",
					"@executable_path/../Frameworks",
				);
				MARKETING_VERSION = 1.0;
				PRODUCT_BUNDLE_IDENTIFIER = com.iBlessme.iFitnessMacOS;
				PRODUCT_NAME = "$(TARGET_NAME)";
				SWIFT_EMIT_LOC_STRINGS = YES;
				SWIFT_VERSION = 5.0;
			};
			name = Debug;
		};
		20609818275B68E300B818DC /* Release */ = {
			isa = XCBuildConfiguration;
			buildSettings = {
				ASSETCATALOG_COMPILER_APPICON_NAME = AppIcon;
				ASSETCATALOG_COMPILER_GLOBAL_ACCENT_COLOR_NAME = AccentColor;
				CODE_SIGN_ENTITLEMENTS = iFitnessMacOS/iFitnessMacOS.entitlements;
				CODE_SIGN_STYLE = Automatic;
				COMBINE_HIDPI_IMAGES = YES;
				CURRENT_PROJECT_VERSION = 1;
				DEVELOPMENT_ASSET_PATHS = "\"iFitnessMacOS/Preview Content\"";
				DEVELOPMENT_TEAM = 3975FF67Q5;
				ENABLE_HARDENED_RUNTIME = YES;
				ENABLE_PREVIEWS = YES;
				GENERATE_INFOPLIST_FILE = YES;
				INFOPLIST_KEY_NSHumanReadableCopyright = "";
				LD_RUNPATH_SEARCH_PATHS = (
					"$(inherited)",
					"@executable_path/../Frameworks",
				);
				MARKETING_VERSION = 1.0;
				PRODUCT_BUNDLE_IDENTIFIER = com.iBlessme.iFitnessMacOS;
				PRODUCT_NAME = "$(TARGET_NAME)";
				SWIFT_EMIT_LOC_STRINGS = YES;
				SWIFT_VERSION = 5.0;
			};
			name = Release;
		};
/* End XCBuildConfiguration section */

/* Begin XCConfigurationList section */
		20609802275B68E000B818DC /* Build configuration list for PBXProject "iFitnessMacOS" */ = {
			isa = XCConfigurationList;
			buildConfigurations = (
				20609814275B68E300B818DC /* Debug */,
				20609815275B68E300B818DC /* Release */,
			);
			defaultConfigurationIsVisible = 0;
			defaultConfigurationName = Release;
		};
		20609816275B68E300B818DC /* Build configuration list for PBXNativeTarget "iFitnessMacOS" */ = {
			isa = XCConfigurationList;
			buildConfigurations = (
				20609817275B68E300B818DC /* Debug */,
				20609818275B68E300B818DC /* Release */,
			);
			defaultConfigurationIsVisible = 0;
			defaultConfigurationName = Release;
		};
/* End XCConfigurationList section */
	};
	rootObject = 206097FF275B68E000B818DC /* Project object */;
}
